
Microsoft Visual Studio Solution File, Format Version 12.00
# Visual Studio 15
VisualStudioVersion = 15.0.28010.2036
MinimumVisualStudioVersion = 10.0.40219.1
Project("{FAE04EC0-301F-11D3-BF4B-00C04F79EFBC}") = "RomanCalculatorTDD", "RomanCalculatorTDD\RomanCalculatorTDD.csproj", "{0E715165-7079-42A3-A10F-B590E4A3321D}"
EndProject
Project("{FAE04EC0-301F-11D3-BF4B-00C04F79EFBC}") = "RomanCalculatorTDDTests", "RomanCalculatorTDDTests\RomanCalculatorTDDTests.csproj", "{A8B8789D-564E-4A03-99AA-7D31876A72B7}"
EndProject
Global
	GlobalSection(SolutionConfigurationPlatforms) = preSolution
		Debug|Any CPU = Debug|Any CPU
		Release|Any CPU = Release|Any CPU
	EndGlobalSection
	GlobalSection(ProjectConfigurationPlatforms) = postSolution
		{0E715165-7079-42A3-A10F-B590E4A3321D}.Debug|Any CPU.ActiveCfg = Debug|Any CPU
		{0E715165-7079-42A3-A10F-B590E4A3321D}.Debug|Any CPU.Build.0 = Debug|Any CPU
		{0E715165-7079-42A3-A10F-B590E4A3321D}.Release|Any CPU.ActiveCfg = Release|Any CPU
		{0E715165-7079-42A3-A10F-B590E4A3321D}.Release|Any CPU.Build.0 = Release|Any CPU
		{A8B8789D-564E-4A03-99AA-7D31876A72B7}.Debug|Any CPU.ActiveCfg = Debug|Any CPU
		{A8B8789D-564E-4A03-99AA-7D31876A72B7}.Debug|Any CPU.Build.0 = Debug|Any CPU
		{A8B8789D-564E-4A03-99AA-7D31876A72B7}.Release|Any CPU.ActiveCfg = Release|Any CPU
		{A8B8789D-564E-4A03-99AA-7D31876A72B7}.Release|Any CPU.Build.0 = Release|Any CPU
	EndGlobalSection
	GlobalSection(SolutionProperties) = preSolution
		HideSolutionNode = FALSE
	EndGlobalSection
	GlobalSection(ExtensibilityGlobals) = postSolution
		SolutionGuid = {3F52888B-27FF-4BDF-9A86-F2F6B2542AAF}
	EndGlobalSection
EndGlobal
